# THIS IS AN AUTOGENERATED FILE. DO NOT EDIT THIS FILE DIRECTLY.
# yarn lockfile v1


prettier-plugin-md-nocjsp@^1.5.1:
  version "1.5.1"
  resolved "https://registry.yarnpkg.com/prettier-plugin-md-nocjsp/-/prettier-plugin-md-nocjsp-1.5.1.tgz#7400f4ac7575d1a1810f0ccf3ef9a19d1b972a0f"
  integrity sha512-qJyt8otPPNetQEcsZEaS4BGSgGfrhX9CfvcUUauvHewaMMZDxWDU8GB1VkWHwhLZ4W9nDTfWxGPBce8Ot4Jaxg==

prettier@^3.0.0:
  version "3.0.0"
  resolved "https://registry.yarnpkg.com/prettier/-/prettier-3.0.0.tgz#e7b19f691245a21d618c68bc54dc06122f6105ae"
  integrity sha512-zBf5eHpwHOGPC47h0zrPyNn+eAEIdEzfywMoYn2XPi0P44Zp0tSq64rq0xAREh4auw2cJZHo9QUob+NqCQky4g==
